PODS:
  - AFNetworking (2.2.1):
    - AFNetworking/NSURLConnection
    - AFNetworking/NSURLSession
    - AFNetworking/Reachability
    - AFNetworking/Security
    - AFNetworking/Serialization
    - AFNetworking/UIKit
  - AFNetworking/NSURLConnection (2.2.1):
    - AFNetworking/Reachability
    - AFNetworking/Security
    - AFNetworking/Serialization
  - AFNetworking/NSURLSession (2.2.1):
    - AFNetworking/NSURLConnection
  - AFNetworking/Reachability (2.2.1)
  - AFNetworking/Security (2.2.1)
  - AFNetworking/Serialization (2.2.1)
  - AFNetworking/UIKit (2.2.1):
    - AFNetworking/NSURLConnection
    - AFNetworking/NSURLSession
  - AFRaptureXMLRequestOperation (1.0.3):
    - AFNetworking (~> 2.0.2)
    - RaptureXML (~> 1.0.1)
  - Expecta (0.3.0)
  - NSObject-ObjectMap (2.2)
  - OCMock (2.2.4)
  - public-works (0.1.0):
    - AFNetworking
    - AFRaptureXMLRequestOperation
    - NSObject-ObjectMap
    - RaptureXML
  - RaptureXML (1.0.1)
  - Specta (0.2.1)

DEPENDENCIES:
  - AFNetworking
  - AFRaptureXMLRequestOperation
  - Expecta
  - NSObject-ObjectMap
  - OCMock
  - public-works (from `../public-works.podspec`)
  - RaptureXML
  - Specta

EXTERNAL SOURCES:
  public-works:
    :path: ../public-works.podspec

SPEC CHECKSUMS:
  AFNetworking: 0121f4b69be3fa58d1ab317866e036e12ac9651d
  AFRaptureXMLRequestOperation: 56cf8e0ac06cb52540e1cbe83b49feecca9656e9
  Expecta: 322f1dc42610106a5ba9871b4924cf1635d80833
  NSObject-ObjectMap: 34aa37705949bd876632f6d57fda846cc7f75c66
  OCMock: 5008fae4b4789b8fc3e48cd7660f2eb5ef8ce89e
  public-works: c635a5861c7400a2358c96db492ac48966125751
  RaptureXML: ef017fda62eb95c60300108366d1f0cd0c28cbd4
  Specta: 2d06220591110c6d9757d8be8ecf8e63aa40dc2a

COCOAPODS: 0.32.1
